agetty=2.42.3-r1
agetty-openrc=0.63.2-r0
alpine-conf=3.22.0-r0
apk-tools-zsh-completion=3.0.8-r0
bridge=1.5-r5
busybox-mdev-openrc=1.37.0-r31
busybox-openrc=1.37.0-r31
brotli-libs=1.2.0-r1
c-ares=1.34.8-r0
cryptsetup-libs=2.8.6-r0
device-mapper-libs=2.03.35-r3
eza=0.23.4-r0
eza-zsh-completion=0.23.4-r0
fzf=0.73.1-r1
fzf-zsh-plugin=0.73.1-r1
git=2.54.0-r0
git-init-template=2.54.0-r0
git-zsh-completion=5.9-r7
ifupdown-ng=0.13.0-r0
jq=1.8.2-r0
json-c=0.18-r1
kmod=34.2-r1
kmod-libs=34.2-r1
kmod-zsh-completion=34.2-r1
lddtree=1.27-r0
less=702-r0
libblkid=2.42.3-r1
libcap2=2.78-r0
libcurl=8.22.0-r0
libeconf=0.8.3-r0
libexpat=2.8.5-r0
libgcc=15.2.0-r5
libgit2=1.9.7-r0
libidn2=2.3.8-r0
libncursesw=6.6_p20260516-r0
libpsl=0.21.5-r3
libssh2=1.11.1-r3
libunistring=1.4.2-r0
libuuid=2.42.3-r1
linux-firmware-none=20260519-r0
linux-virt=6.18.54-r0
llhttp=9.4.1-r0
mdev-conf=4.10-r0
mkinitfs=3.14.1-r0
nano=9.2-r0
ncurses-terminfo-base=6.6_p20260516-r0
nghttp2-libs=1.70.0-r0
oniguruma=6.9.10-r0
openrc=0.63.2-r0
openrc-user=0.63.2-r0
openrc-zsh-completion=0.63.2-r0
pcre2=10.49-r0
skalibs-libs=2.15.0.0-r0
utmps-libs=0.1.3.3-r0
xz-libs=5.8.4-r0
zoxide=0.9.9-r0
zoxide-zsh-completion=0.9.9-r0
zsh=5.9-r7
zstd-libs=1.5.7-r2
